// !$*UTF8*$!
{
	archiveVersion = 1;
	classes = {
	};
	objectVersion = 52;
	objects = {

/* Begin PBXBuildFile section */
		5240F8112675C136000A1DE3 /* PokemonApp.swift in Sources */ = {isa = PBXBuildFile; fileRef = 5240F8102675C136000A1DE3 /* PokemonApp.swift */; };
		5240F8132675C136000A1DE3 /* ContentView.swift in Sources */ = {isa = PBXBuildFile; fileRef = 5240F8122675C136000A1DE3 /* ContentView.swift */; };
		5240F8152675C139000A1DE3 /* Assets.xcassets in Resources */ = {isa = PBXBuildFile; fileRef = 5240F8142675C139000A1DE3 /* Assets.xcassets */; };
		5240F8182675C139000A1DE3 /* Preview Assets.xcassets in Resources */ = {isa = PBXBuildFile; fileRef = 5240F8172675C139000A1DE3 /* Preview Assets.xcassets */; };
		5240F8202675CA52000A1DE3 /* MediaModel.swift in Sources */ = {isa = PBXBuildFile; fileRef = 5240F81F2675CA52000A1DE3 /* MediaModel.swift */; };
		5240F8222675D699000A1DE3 /* PokemonsView.swift in Sources */ = {isa = PBXBuildFile; fileRef = 5240F8212675D699000A1DE3 /* PokemonsView.swift */; };
		5240F8242675D6A6000A1DE3 /* FavoritesView.swift in Sources */ = {isa = PBXBuildFile; fileRef = 5240F8232675D6A6000A1DE3 /* FavoritesView.swift */; };
		5240F8262675E09B000A1DE3 /* Pokemon.swift in Sources */ = {isa = PBXBuildFile; fileRef = 5240F8252675E09B000A1DE3 /* Pokemon.swift */; };
		E933295326781FC200A559C5 /* FavDetailView.swift in Sources */ = {isa = PBXBuildFile; fileRef = E933295226781FC200A559C5 /* FavDetailView.swift */; };
		EF6BAD7326768988006B502B /* Kingfisher in Frameworks */ = {isa = PBXBuildFile; productRef = EF6BAD7226768988006B502B /* Kingfisher */; };
		EF6BAD76267692C5006B502B /* PokemonDetailView.swift in Sources */ = {isa = PBXBuildFile; fileRef = EF6BAD75267692C5006B502B /* PokemonDetailView.swift */; };
		EF6BAD7B2676ABDA006B502B /* SDWebImage in Frameworks */ = {isa = PBXBuildFile; productRef = EF6BAD7A2676ABDA006B502B /* SDWebImage */; };
		EF6BAD7D2676ABDA006B502B /* SDWebImageMapKit in Frameworks */ = {isa = PBXBuildFile; productRef = EF6BAD7C2676ABDA006B502B /* SDWebImageMapKit */; };
		EF6BAD812676ACFF006B502B /* SDWebImageSwiftUI in Frameworks */ = {isa = PBXBuildFile; productRef = EF6BAD802676ACFF006B502B /* SDWebImageSwiftUI */; };
		EF6BAD882676E049006B502B /* GoogleService-Info.plist in Resources */ = {isa = PBXBuildFile; fileRef = EF6BAD872676E049006B502B /* GoogleService-Info.plist */; };
		EF6BAD8C2676E123006B502B /* FirebaseFirestore in Frameworks */ = {isa = PBXBuildFile; productRef = EF6BAD8B2676E123006B502B /* FirebaseFirestore */; };
		EF6BAD8E2676E123006B502B /* FirebaseFirestoreSwift-Beta in Frameworks */ = {isa = PBXBuildFile; productRef = EF6BAD8D2676E123006B502B /* FirebaseFirestoreSwift-Beta */; };
		EF6BAD912676E4FE006B502B /* Favorite.swift in Sources */ = {isa = PBXBuildFile; fileRef = EF6BAD902676E4FE006B502B /* Favorite.swift */; };
/* End PBXBuildFile section */

/* Begin PBXFileReference section */
		5240F80D2675C136000A1DE3 /* Pokemon.app */ = {isa = PBXFileReference; explicitFileType = wrapper.application; includeInIndex = 0; path = Pokemon.app; sourceTree = BUILT_PRODUCTS_DIR; };
		5240F8102675C136000A1DE3 /* PokemonApp.swift */ = {isa = PBXFileReference; lastKnownFileType = sourcecode.swift; path = PokemonApp.swift; sourceTree = "<group>"; };
		5240F8122675C136000A1DE3 /* ContentView.swift */ = {isa = PBXFileReference; lastKnownFileType = sourcecode.swift; path = ContentView.swift; sourceTree = "<group>"; };
		5240F8142675C139000A1DE3 /* Assets.xcassets */ = {isa = PBXFileReference; lastKnownFileType = folder.assetcatalog; path = Assets.xcassets; sourceTree = "<group>"; };
		5240F8172675C139000A1DE3 /* Preview Assets.xcassets */ = {isa = PBXFileReference; lastKnownFileType = folder.assetcatalog; path = "Preview Assets.xcassets"; sourceTree = "<group>"; };
		5240F8192675C139000A1DE3 /* Info.plist */ = {isa = PBXFileReference; lastKnownFileType = text.plist.xml; path = Info.plist; sourceTree = "<group>"; };
		5240F81F2675CA52000A1DE3 /* MediaModel.swift */ = {isa = PBXFileReference; lastKnownFileType = sourcecode.swift; path = MediaModel.swift; sourceTree = "<group>"; };
		5240F8212675D699000A1DE3 /* PokemonsView.swift */ = {isa = PBXFileReference; lastKnownFileType = sourcecode.swift; path = PokemonsView.swift; sourceTree = "<group>"; };
		5240F8232675D6A6000A1DE3 /* FavoritesView.swift */ = {isa = PBXFileReference; lastKnownFileType = sourcecode.swift; path = FavoritesView.swift; sourceTree = "<group>"; };
		5240F8252675E09B000A1DE3 /* Pokemon.swift */ = {isa = PBXFileReference; lastKnownFileType = sourcecode.swift; path = Pokemon.swift; sourceTree = "<group>"; };
		E933295226781FC200A559C5 /* FavDetailView.swift */ = {isa = PBXFileReference; lastKnownFileType = sourcecode.swift; path = FavDetailView.swift; sourceTree = "<group>"; };
		EF6BAD75267692C5006B502B /* PokemonDetailView.swift */ = {isa = PBXFileReference; lastKnownFileType = sourcecode.swift; path = PokemonDetailView.swift; sourceTree = "<group>"; };
		EF6BAD872676E049006B502B /* GoogleService-Info.plist */ = {isa = PBXFileReference; fileEncoding = 4; lastKnownFileType = text.plist.xml; path = "GoogleService-Info.plist"; sourceTree = "<group>"; };
		EF6BAD902676E4FE006B502B /* Favorite.swift */ = {isa = PBXFileReference; lastKnownFileType = sourcecode.swift; path = Favorite.swift; sourceTree = "<group>"; };
/* End PBXFileReference section */

/* Begin PBXFrameworksBuildPhase section */
		5240F80A2675C136000A1DE3 /* Frameworks */ = {
			isa = PBXFrameworksBuildPhase;
			buildActionMask = 2147483647;
			files = (
				EF6BAD812676ACFF006B502B /* SDWebImageSwiftUI in Frameworks */,
				EF6BAD7B2676ABDA006B502B /* SDWebImage in Frameworks */,
				EF6BAD7D2676ABDA006B502B /* SDWebImageMapKit in Frameworks */,
				EF6BAD8E2676E123006B502B /* FirebaseFirestoreSwift-Beta in Frameworks */,
				EF6BAD8C2676E123006B502B /* FirebaseFirestore in Frameworks */,
				EF6BAD7326768988006B502B /* Kingfisher in Frameworks */,
			);
			runOnlyForDeploymentPostprocessing = 0;
		};
/* End PBXFrameworksBuildPhase section */

/* Begin PBXGroup section */
		5240F8042675C136000A1DE3 = {
			isa = PBXGroup;
			children = (
				5240F80F2675C136000A1DE3 /* Pokemon */,
				5240F80E2675C136000A1DE3 /* Products */,
			);
			sourceTree = "<group>";
		};
		5240F80E2675C136000A1DE3 /* Products */ = {
			isa = PBXGroup;
			children = (
				5240F80D2675C136000A1DE3 /* Pokemon.app */,
			);
			name = Products;
			sourceTree = "<group>";
		};
		5240F80F2675C136000A1DE3 /* Pokemon */ = {
			isa = PBXGroup;
			children = (
				5240F8102675C136000A1DE3 /* PokemonApp.swift */,
				5240F8122675C136000A1DE3 /* ContentView.swift */,
				5240F8212675D699000A1DE3 /* PokemonsView.swift */,
				EF6BAD75267692C5006B502B /* PokemonDetailView.swift */,
				5240F8232675D6A6000A1DE3 /* FavoritesView.swift */,
				E933295226781FC200A559C5 /* FavDetailView.swift */,
				5240F81F2675CA52000A1DE3 /* MediaModel.swift */,
				EF6BAD902676E4FE006B502B /* Favorite.swift */,
				5240F8252675E09B000A1DE3 /* Pokemon.swift */,
				5240F8142675C139000A1DE3 /* Assets.xcassets */,
				5240F8192675C139000A1DE3 /* Info.plist */,
				EF6BAD872676E049006B502B /* GoogleService-Info.plist */,
				5240F8162675C139000A1DE3 /* Preview Content */,
			);
			path = Pokemon;
			sourceTree = "<group>";
		};
		5240F8162675C139000A1DE3 /* Preview Content */ = {
			isa = PBXGroup;
			children = (
				5240F8172675C139000A1DE3 /* Preview Assets.xcassets */,
			);
			path = "Preview Content";
			sourceTree = "<group>";
		};
/* End PBXGroup section */

/* Begin PBXNativeTarget section */
		5240F80C2675C136000A1DE3 /* Pokemon */ = {
			isa = PBXNativeTarget;
			buildConfigurationList = 5240F81C2675C139000A1DE3 /* Build configuration list for PBXNativeTarget "Pokemon" */;
			buildPhases = (
				5240F8092675C136000A1DE3 /* Sources */,
				5240F80A2675C136000A1DE3 /* Frameworks */,
				5240F80B2675C136000A1DE3 /* Resources */,
			);
			buildRules = (
			);
			dependencies = (
			);
			name = Pokemon;
			packageProductDependencies = (
				EF6BAD7226768988006B502B /* Kingfisher */,
				EF6BAD7A2676ABDA006B502B /* SDWebImage */,
				EF6BAD7C2676ABDA006B502B /* SDWebImageMapKit */,
				EF6BAD802676ACFF006B502B /* SDWebImageSwiftUI */,
				EF6BAD8B2676E123006B502B /* FirebaseFirestore */,
				EF6BAD8D2676E123006B502B /* FirebaseFirestoreSwift-Beta */,
			);
			productName = Pokemon;
			productReference = 5240F80D2675C136000A1DE3 /* Pokemon.app */;
			productType = "com.apple.product-type.application";
		};
/* End PBXNativeTarget section */

/* Begin PBXProject section */
		5240F8052675C136000A1DE3 /* Project object */ = {
			isa = PBXProject;
			attributes = {
				LastSwiftUpdateCheck = 1250;
				LastUpgradeCheck = 1250;
				TargetAttributes = {
					5240F80C2675C136000A1DE3 = {
						CreatedOnToolsVersion = 12.5;
					};
				};
			};
			buildConfigurationList = 5240F8082675C136000A1DE3 /* Build configuration list for PBXProject "Pokemon" */;
			compatibilityVersion = "Xcode 9.3";
			developmentRegion = en;
			hasScannedForEncodings = 0;
			knownRegions = (
				en,
				Base,
			);
			mainGroup = 5240F8042675C136000A1DE3;
			packageReferences = (
				EF6BAD7126768988006B502B /* XCRemoteSwiftPackageReference "Kingfisher" */,
				EF6BAD792676ABDA006B502B /* XCRemoteSwiftPackageReference "SDWebImage" */,
				EF6BAD7F2676ACFF006B502B /* XCRemoteSwiftPackageReference "SDWebImageSwiftUI" */,
				EF6BAD8A2676E123006B502B /* XCRemoteSwiftPackageReference "firebase-ios-sdk" */,
			);
			productRefGroup = 5240F80E2675C136000A1DE3 /* Products */;
			projectDirPath = "";
			projectRoot = "";
			targets = (
				5240F80C2675C136000A1DE3 /* Pokemon */,
			);
		};
/* End PBXProject section */

/* Begin PBXResourcesBuildPhase section */
		5240F80B2675C136000A1DE3 /* Resources */ = {
			isa = PBXResourcesBuildPhase;
			buildActionMask = 2147483647;
			files = (
				5240F8182675C139000A1DE3 /* Preview Assets.xcassets in Resources */,
				5240F8152675C139000A1DE3 /* Assets.xcassets in Resources */,
				EF6BAD882676E049006B502B /* GoogleService-Info.plist in Resources */,
			);
			runOnlyForDeploymentPostprocessing = 0;
		};
/* End PBXResourcesBuildPhase section */

/* Begin PBXSourcesBuildPhase section */
		5240F8092675C136000A1DE3 /* Sources */ = {
			isa = PBXSourcesBuildPhase;
			buildActionMask = 2147483647;
			files = (
				5240F8242675D6A6000A1DE3 /* FavoritesView.swift in Sources */,
				EF6BAD912676E4FE006B502B /* Favorite.swift in Sources */,
				EF6BAD76267692C5006B502B /* PokemonDetailView.swift in Sources */,
				E933295326781FC200A559C5 /* FavDetailView.swift in Sources */,
				5240F8222675D699000A1DE3 /* PokemonsView.swift in Sources */,
				5240F8132675C136000A1DE3 /* ContentView.swift in Sources */,
				5240F8112675C136000A1DE3 /* PokemonApp.swift in Sources */,
				5240F8202675CA52000A1DE3 /* MediaModel.swift in Sources */,
				5240F8262675E09B000A1DE3 /* Pokemon.swift in Sources */,
			);
			runOnlyForDeploymentPostprocessing = 0;
		};
/* End PBXSourcesBuildPhase section */

/* Begin XCBuildConfiguration section */
		5240F81A2675C139000A1DE3 /* Debug */ = {
			isa = XCBuildConfiguration;
			buildSettings = {
				ALWAYS_SEARCH_USER_PATHS = NO;
				CLANG_ANALYZER_NONNULL = YES;
				CLANG_ANALYZER_NUMBER_OBJECT_CONVERSION = YES_AGGRESSIVE;
				CLANG_CXX_LANGUAGE_STANDARD = "gnu++14";
				CLANG_CXX_LIBRARY = "libc++";
				CLANG_ENABLE_MODULES = YES;
				CLANG_ENABLE_OBJC_ARC = YES;
				CLANG_ENABLE_OBJC_WEAK = YES;
				CLANG_WARN_BLOCK_CAPTURE_AUTORELEASING = YES;
				CLANG_WARN_BOOL_CONVERSION = YES;
				CLANG_WARN_COMMA = YES;
				CLANG_WARN_CONSTANT_CONVERSION = YES;
				CLANG_WARN_DEPRECATED_OBJC_IMPLEMENTATIONS = YES;
				CLANG_WARN_DIRECT_OBJC_ISA_USAGE = YES_ERROR;
				CLANG_WARN_DOCUMENTATION_COMMENTS = YES;
				CLANG_WARN_EMPTY_BODY = YES;
				CLANG_WARN_ENUM_CONVERSION = YES;
				CLANG_WARN_INFINITE_RECURSION = YES;
				CLANG_WARN_INT_CONVERSION = YES;
				CLANG_WARN_NON_LITERAL_NULL_CONVERSION = YES;
				CLANG_WARN_OBJC_IMPLICIT_RETAIN_SELF = YES;
				CLANG_WARN_OBJC_LITERAL_CONVERSION = YES;
				CLANG_WARN_OBJC_ROOT_CLASS = YES_ERROR;
				CLANG_WARN_QUOTED_INCLUDE_IN_FRAMEWORK_HEADER = YES;
				CLANG_WARN_RANGE_LOOP_ANALYSIS = YES;
				CLANG_WARN_STRICT_PROTOTYPES = YES;
				CLANG_WARN_SUSPICIOUS_MOVE = YES;
				CLANG_WARN_UNGUARDED_AVAILABILITY = YES_AGGRESSIVE;
				CLANG_WARN_UNREACHABLE_CODE = YES;
				CLANG_WARN__DUPLICATE_METHOD_MATCH = YES;
				COPY_PHASE_STRIP = NO;
				DEBUG_INFORMATION_FORMAT = dwarf;
				ENABLE_STRICT_OBJC_MSGSEND = YES;
				ENABLE_TESTABILITY = YES;
				GCC_C_LANGUAGE_STANDARD = gnu11;
				GCC_DYNAMIC_NO_PIC = NO;
				GCC_NO_COMMON_BLOCKS = YES;
				GCC_OPTIMIZATION_LEVEL = 0;
				GCC_PREPROCESSOR_DEFINITIONS = (
					"DEBUG=1",
					"$(inherited)",
				);
				GCC_WARN_64_TO_32_BIT_CONVERSION = YES;
				GCC_WARN_ABOUT_RETURN_TYPE = YES_ERROR;
				GCC_WARN_UNDECLARED_SELECTOR = YES;
				GCC_WARN_UNINITIALIZED_AUTOS = YES_AGGRESSIVE;
				GCC_WARN_UNUSED_FUNCTION = YES;
				GCC_WARN_UNUSED_VARIABLE = YES;
				IPHONEOS_DEPLOYMENT_TARGET = 14.5;
				MTL_ENABLE_DEBUG_INFO = INCLUDE_SOURCE;
				MTL_FAST_MATH = YES;
				ONLY_ACTIVE_ARCH = YES;
				SDKROOT = iphoneos;
				SWIFT_ACTIVE_COMPILATION_CONDITIONS = DEBUG;
				SWIFT_OPTIMIZATION_LEVEL = "-Onone";
			};
			name = Debug;
		};
		5240F81B2675C139000A1DE3 /* Release */ = {
			isa = XCBuildConfiguration;
			buildSettings = {
				ALWAYS_SEARCH_USER_PATHS = NO;
				CLANG_ANALYZER_NONNULL = YES;
				CLANG_ANALYZER_NUMBER_OBJECT_CONVERSION = YES_AGGRESSIVE;
				CLANG_CXX_LANGUAGE_STANDARD = "gnu++14";
				CLANG_CXX_LIBRARY = "libc++";
				CLANG_ENABLE_MODULES = YES;
				CLANG_ENABLE_OBJC_ARC = YES;
				CLANG_ENABLE_OBJC_WEAK = YES;
				CLANG_WARN_BLOCK_CAPTURE_AUTORELEASING = YES;
				CLANG_WARN_BOOL_CONVERSION = YES;
				CLANG_WARN_COMMA = YES;
				CLANG_WARN_CONSTANT_CONVERSION = YES;
				CLANG_WARN_DEPRECATED_OBJC_IMPLEMENTATIONS = YES;
				CLANG_WARN_DIRECT_OBJC_ISA_USAGE = YES_ERROR;
				CLANG_WARN_DOCUMENTATION_COMMENTS = YES;
				CLANG_WARN_EMPTY_BODY = YES;
				CLANG_WARN_ENUM_CONVERSION = YES;
				CLANG_WARN_INFINITE_RECURSION = YES;
				CLANG_WARN_INT_CONVERSION = YES;
				CLANG_WARN_NON_LITERAL_NULL_CONVERSION = YES;
				CLANG_WARN_OBJC_IMPLICIT_RETAIN_SELF = YES;
				CLANG_WARN_OBJC_LITERAL_CONVERSION = YES;
				CLANG_WARN_OBJC_ROOT_CLASS = YES_ERROR;
				CLANG_WARN_QUOTED_INCLUDE_IN_FRAMEWORK_HEADER = YES;
				CLANG_WARN_RANGE_LOOP_ANALYSIS = YES;
				CLANG_WARN_STRICT_PROTOTYPES = YES;
				CLANG_WARN_SUSPICIOUS_MOVE = YES;
				CLANG_WARN_UNGUARDED_AVAILABILITY = YES_AGGRESSIVE;
				CLANG_WARN_UNREACHABLE_CODE = YES;
				CLANG_WARN__DUPLICATE_METHOD_MATCH = YES;
				COPY_PHASE_STRIP = NO;
				DEBUG_INFORMATION_FORMAT = "dwarf-with-dsym";
				ENABLE_NS_ASSERTIONS = NO;
				ENABLE_STRICT_OBJC_MSGSEND = YES;
				GCC_C_LANGUAGE_STANDARD = gnu11;
				GCC_NO_COMMON_BLOCKS = YES;
				GCC_WARN_64_TO_32_BIT_CONVERSION = YES;
				GCC_WARN_ABOUT_RETURN_TYPE = YES_ERROR;
				GCC_WARN_UNDECLARED_SELECTOR = YES;
				GCC_WARN_UNINITIALIZED_AUTOS = YES_AGGRESSIVE;
				GCC_WARN_UNUSED_FUNCTION = YES;
				GCC_WARN_UNUSED_VARIABLE = YES;
				IPHONEOS_DEPLOYMENT_TARGET = 14.5;
				MTL_ENABLE_DEBUG_INFO = NO;
				MTL_FAST_MATH = YES;
				SDKROOT = iphoneos;
				SWIFT_COMPILATION_MODE = wholemodule;
				SWIFT_OPTIMIZATION_LEVEL = "-O";
				VALIDATE_PRODUCT = YES;
			};
			name = Release;
		};
		5240F81D2675C139000A1DE3 /* Debug */ = {
			isa = XCBuildConfiguration;
			buildSettings = {
				ASSETCATALOG_COMPILER_APPICON_NAME = AppIcon;
				ASSETCATALOG_COMPILER_GLOBAL_ACCENT_COLOR_NAME = AccentColor;
				CODE_SIGN_STYLE = Automatic;
				DEVELOPMENT_ASSET_PATHS = "\"Pokemon/Preview Content\"";
				DEVELOPMENT_TEAM = 8B669V5875;
				ENABLE_PREVIEWS = YES;
				INFOPLIST_FILE = Pokemon/Info.plist;
				IPHONEOS_DEPLOYMENT_TARGET = 14.4;
				LD_RUNPATH_SEARCH_PATHS = (
					"$(inherited)",
					"@executable_path/Frameworks",
				);
				PRODUCT_BUNDLE_IDENTIFIER = A01283887.Pokemon;
				PRODUCT_NAME = "$(TARGET_NAME)";
				SWIFT_VERSION = 5.0;
				TARGETED_DEVICE_FAMILY = "1,2";
			};
			name = Debug;
		};
		5240F81E2675C139000A1DE3 /* Release */ = {
			isa = XCBuildConfiguration;
			buildSettings = {
				ASSETCATALOG_COMPILER_APPICON_NAME = AppIcon;
				ASSETCATALOG_COMPILER_GLOBAL_ACCENT_COLOR_NAME = AccentColor;
				CODE_SIGN_STYLE = Automatic;
				DEVELOPMENT_ASSET_PATHS = "\"Pokemon/Preview Content\"";
				DEVELOPMENT_TEAM = 8B669V5875;
				ENABLE_PREVIEWS = YES;
				INFOPLIST_FILE = Pokemon/Info.plist;
				IPHONEOS_DEPLOYMENT_TARGET = 14.4;
				LD_RUNPATH_SEARCH_PATHS = (
					"$(inherited)",
					"@executable_path/Frameworks",
				);
				PRODUCT_BUNDLE_IDENTIFIER = A01283887.Pokemon;
				PRODUCT_NAME = "$(TARGET_NAME)";
				SWIFT_VERSION = 5.0;
				TARGETED_DEVICE_FAMILY = "1,2";
			};
			name = Release;
		};
/* End XCBuildConfiguration section */

/* Begin XCConfigurationList section */
		5240F8082675C136000A1DE3 /* Build configuration list for PBXProject "Pokemon" */ = {
			isa = XCConfigurationList;
			buildConfigurations = (
				5240F81A2675C139000A1DE3 /* Debug */,
				5240F81B2675C139000A1DE3 /* Release */,
			);
			defaultConfigurationIsVisible = 0;
			defaultConfigurationName = Release;
		};
		5240F81C2675C139000A1DE3 /* Build configuration list for PBXNativeTarget "Pokemon" */ = {
			isa = XCConfigurationList;
			buildConfigurations = (
				5240F81D2675C139000A1DE3 /* Debug */,
				5240F81E2675C139000A1DE3 /* Release */,
			);
			defaultConfigurationIsVisible = 0;
			defaultConfigurationName = Release;
		};
/* End XCConfigurationList section */

/* Begin XCRemoteSwiftPackageReference section */
		EF6BAD7126768988006B502B /* XCRemoteSwiftPackageReference "Kingfisher" */ = {
			isa = XCRemoteSwiftPackageReference;
			repositoryURL = "https://github.com/onevcat/Kingfisher.git";
			requirement = {
				kind = upToNextMajorVersion;
				minimumVersion = 6.3.0;
			};
		};
		EF6BAD792676ABDA006B502B /* XCRemoteSwiftPackageReference "SDWebImage" */ = {
			isa = XCRemoteSwiftPackageReference;
			repositoryURL = "https://github.com/SDWebImage/SDWebImage.git";
			requirement = {
				kind = upToNextMajorVersion;
				minimumVersion = 5.11.1;
			};
		};
		EF6BAD7F2676ACFF006B502B /* XCRemoteSwiftPackageReference "SDWebImageSwiftUI" */ = {
			isa = XCRemoteSwiftPackageReference;
			repositoryURL = "https://github.com/SDWebImage/SDWebImageSwiftUI.git";
			requirement = {
				kind = upToNextMajorVersion;
				minimumVersion = 2.0.2;
			};
		};
		EF6BAD8A2676E123006B502B /* XCRemoteSwiftPackageReference "firebase-ios-sdk" */ = {
			isa = XCRemoteSwiftPackageReference;
			repositoryURL = "https://github.com/firebase/firebase-ios-sdk.git";
			requirement = {
				kind = upToNextMajorVersion;
				minimumVersion = 8.1.1;
			};
		};
/* End XCRemoteSwiftPackageReference section */

/* Begin XCSwiftPackageProductDependency section */
		EF6BAD7226768988006B502B /* Kingfisher */ = {
			isa = XCSwiftPackageProductDependency;
			package = EF6BAD7126768988006B502B /* XCRemoteSwiftPackageReference "Kingfisher" */;
			productName = Kingfisher;
		};
		EF6BAD7A2676ABDA006B502B /* SDWebImage */ = {
			isa = XCSwiftPackageProductDependency;
			package = EF6BAD792676ABDA006B502B /* XCRemoteSwiftPackageReference "SDWebImage" */;
			productName = SDWebImage;
		};
		EF6BAD7C2676ABDA006B502B /* SDWebImageMapKit */ = {
			isa = XCSwiftPackageProductDependency;
			package = EF6BAD792676ABDA006B502B /* XCRemoteSwiftPackageReference "SDWebImage" */;
			productName = SDWebImageMapKit;
		};
		EF6BAD802676ACFF006B502B /* SDWebImageSwiftUI */ = {
			isa = XCSwiftPackageProductDependency;
			package = EF6BAD7F2676ACFF006B502B /* XCRemoteSwiftPackageReference "SDWebImageSwiftUI" */;
			productName = SDWebImageSwiftUI;
		};
		EF6BAD8B2676E123006B502B /* FirebaseFirestore */ = {
			isa = XCSwiftPackageProductDependency;
			package = EF6BAD8A2676E123006B502B /* XCRemoteSwiftPackageReference "firebase-ios-sdk" */;
			productName = FirebaseFirestore;
		};
		EF6BAD8D2676E123006B502B /* FirebaseFirestoreSwift-Beta */ = {
			isa = XCSwiftPackageProductDependency;
			package = EF6BAD8A2676E123006B502B /* XCRemoteSwiftPackageReference "firebase-ios-sdk" */;
			productName = "FirebaseFirestoreSwift-Beta";
		};
/* End XCSwiftPackageProductDependency section */
	};
	rootObject = 5240F8052675C136000A1DE3 /* Project object */;
}
